
Microsoft Visual Studio Solution File, Format Version 12.00
# Visual Studio Version 17
VisualStudioVersion = 17.1.32414.318
MinimumVisualStudioVersion = 10.0.40219.1
Project("{9A19103F-16F7-4668-BE54-9A1E7A4F7556}") = "Configuration.Example", "Configuration.Example\Configuration.Example.csproj", "{164548B3-9BAC-4BB0-B2CA-D5126A54B93A}"
EndProject
Project("{9A19103F-16F7-4668-BE54-9A1E7A4F7556}") = "DependencyInjection.Example", "DependencyInjection.Example\DependencyInjection.Example.csproj", "{A09870A1-AE63-4656-A836-CC889E585A5D}"
EndProject
Project("{9A19103F-16F7-4668-BE54-9A1E7A4F7556}") = "Logging.Example", "Logging.Example\Logging.Example.csproj", "{4604DCE5-FEF5-4CCD-818D-9D3472B08E70}"
EndProject
Global
	GlobalSection(SolutionConfigurationPlatforms) = preSolution
		Debug|Any CPU = Debug|Any CPU
		Release|Any CPU = Release|Any CPU
	EndGlobalSection
	GlobalSection(ProjectConfigurationPlatforms) = postSolution
		{164548B3-9BAC-4BB0-B2CA-D5126A54B93A}.Debug|Any CPU.ActiveCfg = Debug|Any CPU
		{164548B3-9BAC-4BB0-B2CA-D5126A54B93A}.Debug|Any CPU.Build.0 = Debug|Any CPU
		{164548B3-9BAC-4BB0-B2CA-D5126A54B93A}.Release|Any CPU.ActiveCfg = Release|Any CPU
		{164548B3-9BAC-4BB0-B2CA-D5126A54B93A}.Release|Any CPU.Build.0 = Release|Any CPU
		{A09870A1-AE63-4656-A836-CC889E585A5D}.Debug|Any CPU.ActiveCfg = Debug|Any CPU
		{A09870A1-AE63-4656-A836-CC889E585A5D}.Debug|Any CPU.Build.0 = Debug|Any CPU
		{A09870A1-AE63-4656-A836-CC889E585A5D}.Release|Any CPU.ActiveCfg = Release|Any CPU
		{A09870A1-AE63-4656-A836-CC889E585A5D}.Release|Any CPU.Build.0 = Release|Any CPU
		{4604DCE5-FEF5-4CCD-818D-9D3472B08E70}.Debug|Any CPU.ActiveCfg = Debug|Any CPU
		{4604DCE5-FEF5-4CCD-818D-9D3472B08E70}.Debug|Any CPU.Build.0 = Debug|Any CPU
		{4604DCE5-FEF5-4CCD-818D-9D3472B08E70}.Release|Any CPU.ActiveCfg = Release|Any CPU
		{4604DCE5-FEF5-4CCD-818D-9D3472B08E70}.Release|Any CPU.Build.0 = Release|Any CPU
	EndGlobalSection
	GlobalSection(SolutionProperties) = preSolution
		HideSolutionNode = FALSE
	EndGlobalSection
	GlobalSection(ExtensibilityGlobals) = postSolution
		SolutionGuid = {08CEF703-E20C-472D-BD86-AC6E5D895CD5}
	EndGlobalSection
EndGlobal
