
Microsoft Visual Studio Solution File, Format Version 12.00
# Visual Studio Version 17
VisualStudioVersion = 17.1.32328.378
MinimumVisualStudioVersion = 10.0.40219.1
Project("{2150E333-8FDC-42A3-9474-1A3956D46DE8}") = "Server", "Server", "{232B953A-1C1F-4A56-89BE-972CEDC81C7D}"
EndProject
Project("{2150E333-8FDC-42A3-9474-1A3956D46DE8}") = "Shared", "Shared", "{F34E1D6F-916B-4E36-9229-66FC9A6C5386}"
EndProject
Project("{FAE04EC0-301F-11D3-BF4B-00C04F79EFBC}") = "Api.Thrift", "shared\Api.Thrift\Api.Thrift.csproj", "{B5A0AD78-9D3F-495F-AD7C-6FDDC3445640}"
EndProject
Project("{9A19103F-16F7-4668-BE54-9A1E7A4F7556}") = "WorkerService", "server\WorkerService\WorkerService.csproj", "{44A1B4A2-9563-4E2E-9240-382A04DBD520}"
EndProject
Project("{9A19103F-16F7-4668-BE54-9A1E7A4F7556}") = "Api.Server", "server\Api.Server\Api.Server.csproj", "{FE508996-0B52-4C82-B138-5047282028DC}"
EndProject
Project("{2150E333-8FDC-42A3-9474-1A3956D46DE8}") = "Client", "Client", "{F3454913-5DFB-4870-BD9F-5D6BA2DE0548}"
EndProject
Project("{2150E333-8FDC-42A3-9474-1A3956D46DE8}") = "Modules", "Modules", "{97445F85-9A86-416B-9A6A-123AF72EFEDC}"
EndProject
Project("{FAE04EC0-301F-11D3-BF4B-00C04F79EFBC}") = "MT.PrismApp.Utils", "client\MT.PrismApp.Utils\MT.PrismApp.Utils.csproj", "{A0FACFDD-3B13-4B07-B33F-E6C451C08E1F}"
EndProject
Project("{FAE04EC0-301F-11D3-BF4B-00C04F79EFBC}") = "MT.PrismApp.Common", "client\MT.PrismApp.Common\MT.PrismApp.Common.csproj", "{EAE2AA09-A79A-43CC-815A-43ED218B6F67}"
EndProject
Project("{2150E333-8FDC-42A3-9474-1A3956D46DE8}") = "Services", "Services", "{D95079AE-C20A-4528-B283-2F49616E2E49}"
EndProject
Project("{FAE04EC0-301F-11D3-BF4B-00C04F79EFBC}") = "MT.PrismApp.Services.Interfaces", "client\Services\MT.PrismApp.Services.Interface\MT.PrismApp.Services.Interfaces.csproj", "{E9F08773-F2DC-4BB9-B16D-792192DAF849}"
EndProject
Project("{FAE04EC0-301F-11D3-BF4B-00C04F79EFBC}") = "MT.PrismApp", "client\MT.PrismApp\MT.PrismApp.csproj", "{5A1F5BAD-20FC-4921-8EFC-EA32D79DFB14}"
EndProject
Project("{9A19103F-16F7-4668-BE54-9A1E7A4F7556}") = "Domain", "server\Domain\Domain.csproj", "{8B80D14E-1FB7-4109-96D7-99A4EC13F4CC}"
EndProject
Project("{9A19103F-16F7-4668-BE54-9A1E7A4F7556}") = "DAL.EF", "server\DAL.EF\DAL.EF.csproj", "{32304F53-66D0-48CB-8372-96AA1B0BCC72}"
EndProject
Project("{FAE04EC0-301F-11D3-BF4B-00C04F79EFBC}") = "AutofacLogging", "shared\AutofacLogging\AutofacLogging.csproj", "{6141A7D3-7591-4A3A-B040-34F25CE98817}"
EndProject
Project("{FAE04EC0-301F-11D3-BF4B-00C04F79EFBC}") = "Common", "shared\Common\Common.csproj", "{BFD27E5A-1CC5-46AC-A41A-FA37EC65493C}"
EndProject
Project("{FAE04EC0-301F-11D3-BF4B-00C04F79EFBC}") = "Communication", "shared\Communication\Communication.csproj", "{1CF9BD8D-6BBE-4D0E-AA0D-2B8D7CC1C1CF}"
EndProject
Project("{2150E333-8FDC-42A3-9474-1A3956D46DE8}") = "Solution Items", "Solution Items", "{19755E99-EA82-42E7-89C2-9C5E068BF4E1}"
	ProjectSection(SolutionItems) = preProject
		.editorconfig = .editorconfig
	EndProjectSection
EndProject
Project("{FAE04EC0-301F-11D3-BF4B-00C04F79EFBC}") = "MT.PrismApp.Services.AccountService", "client\Services\MT.PrismApp.Services.AccountService\MT.PrismApp.Services.AccountService.csproj", "{0729FAEE-33CB-4E04-8DC5-119110D9D7D1}"
EndProject
Project("{FAE04EC0-301F-11D3-BF4B-00C04F79EFBC}") = "MT.PrismApp.Resources", "client\MT.PrismApp.Resources\MT.PrismApp.Resources.csproj", "{30C940D4-E34E-48B4-88C5-252D1133F345}"
EndProject
Project("{2150E333-8FDC-42A3-9474-1A3956D46DE8}") = "Test", "Test", "{E85E0AB9-A2F9-4C60-91B1-EEAB6AD02BAD}"
EndProject
Project("{FAE04EC0-301F-11D3-BF4B-00C04F79EFBC}") = "ThriftRpcClientTest", "tests\ThriftRpcClientTest\ThriftRpcClientTest.csproj", "{4253FBE8-05AB-4373-BADC-C5BE208745EB}"
EndProject
Project("{FAE04EC0-301F-11D3-BF4B-00C04F79EFBC}") = "MT.PrismApp.ModulePowerMgr", "client\Modules\MT.PrismApp.ModulePowerMgr\MT.PrismApp.ModulePowerMgr.csproj", "{7A35C2CD-37DB-43A3-8F85-92A30C2A753E}"
EndProject
Project("{FAE04EC0-301F-11D3-BF4B-00C04F79EFBC}") = "MT.PrismApp.ModuleDataStatistics", "client\Modules\MT.PrismApp.ModuleDataStatistics\MT.PrismApp.ModuleDataStatistics.csproj", "{B9B2456E-99CE-4243-822E-1ED4B97C215E}"
EndProject
Project("{FAE04EC0-301F-11D3-BF4B-00C04F79EFBC}") = "MT.PrismApp.ModuleLogMgr", "client\Modules\MT.PrismApp.ModuleLogMgr\MT.PrismApp.ModuleLogMgr.csproj", "{FBD5E3C3-67AD-4152-94C9-CC1622385A2E}"
EndProject
Project("{FAE04EC0-301F-11D3-BF4B-00C04F79EFBC}") = "MT.PrismApp.ModuleDefectQuantificationCfg", "client\Modules\MT.PrismApp.ModuleDefectQuantificationCfg\MT.PrismApp.ModuleDefectQuantificationCfg.csproj", "{698CE912-FC5F-4FDF-9DB0-95C57B7D8C32}"
EndProject
Project("{FAE04EC0-301F-11D3-BF4B-00C04F79EFBC}") = "MT.PrismApp.ModuleDefectTypeCfg", "client\Modules\MT.PrismApp.ModuleDefectTypeCfg\MT.PrismApp.ModuleDefectTypeCfg.csproj", "{FE246B97-423E-4464-8EED-767C02065D38}"
EndProject
Project("{FAE04EC0-301F-11D3-BF4B-00C04F79EFBC}") = "MT.PrismApp.ModuleDrawingExample", "client\Modules\MT.PrismApp.ModuleDrawingExample\MT.PrismApp.ModuleDrawingExample.csproj", "{18B2A829-AC05-44AF-AF79-50BF175CC69E}"
EndProject
Global
	GlobalSection(SolutionConfigurationPlatforms) = preSolution
		Debug|Any CPU = Debug|Any CPU
		Debug|ARM32 = Debug|ARM32
		Debug|x64 = Debug|x64
		Release|Any CPU = Release|Any CPU
		Release|ARM32 = Release|ARM32
		Release|x64 = Release|x64
	EndGlobalSection
	GlobalSection(ProjectConfigurationPlatforms) = postSolution
		{B5A0AD78-9D3F-495F-AD7C-6FDDC3445640}.Debug|Any CPU.ActiveCfg = Debug|Any CPU
		{B5A0AD78-9D3F-495F-AD7C-6FDDC3445640}.Debug|Any CPU.Build.0 = Debug|Any CPU
		{B5A0AD78-9D3F-495F-AD7C-6FDDC3445640}.Debug|ARM32.ActiveCfg = Debug|Any CPU
		{B5A0AD78-9D3F-495F-AD7C-6FDDC3445640}.Debug|ARM32.Build.0 = Debug|Any CPU
		{B5A0AD78-9D3F-495F-AD7C-6FDDC3445640}.Debug|x64.ActiveCfg = Debug|x64
		{B5A0AD78-9D3F-495F-AD7C-6FDDC3445640}.Debug|x64.Build.0 = Debug|x64
		{B5A0AD78-9D3F-495F-AD7C-6FDDC3445640}.Release|Any CPU.ActiveCfg = Release|Any CPU
		{B5A0AD78-9D3F-495F-AD7C-6FDDC3445640}.Release|Any CPU.Build.0 = Release|Any CPU
		{B5A0AD78-9D3F-495F-AD7C-6FDDC3445640}.Release|ARM32.ActiveCfg = Release|Any CPU
		{B5A0AD78-9D3F-495F-AD7C-6FDDC3445640}.Release|ARM32.Build.0 = Release|Any CPU
		{B5A0AD78-9D3F-495F-AD7C-6FDDC3445640}.Release|x64.ActiveCfg = Release|x64
		{B5A0AD78-9D3F-495F-AD7C-6FDDC3445640}.Release|x64.Build.0 = Release|x64
		{44A1B4A2-9563-4E2E-9240-382A04DBD520}.Debug|Any CPU.ActiveCfg = Debug|Any CPU
		{44A1B4A2-9563-4E2E-9240-382A04DBD520}.Debug|Any CPU.Build.0 = Debug|Any CPU
		{44A1B4A2-9563-4E2E-9240-382A04DBD520}.Debug|ARM32.ActiveCfg = Debug|ARM32
		{44A1B4A2-9563-4E2E-9240-382A04DBD520}.Debug|ARM32.Build.0 = Debug|ARM32
		{44A1B4A2-9563-4E2E-9240-382A04DBD520}.Debug|x64.ActiveCfg = Debug|x64
		{44A1B4A2-9563-4E2E-9240-382A04DBD520}.Debug|x64.Build.0 = Debug|x64
		{44A1B4A2-9563-4E2E-9240-382A04DBD520}.Release|Any CPU.ActiveCfg = Release|Any CPU
		{44A1B4A2-9563-4E2E-9240-382A04DBD520}.Release|Any CPU.Build.0 = Release|Any CPU
		{44A1B4A2-9563-4E2E-9240-382A04DBD520}.Release|ARM32.ActiveCfg = Release|ARM32
		{44A1B4A2-9563-4E2E-9240-382A04DBD520}.Release|ARM32.Build.0 = Release|ARM32
		{44A1B4A2-9563-4E2E-9240-382A04DBD520}.Release|x64.ActiveCfg = Release|x64
		{44A1B4A2-9563-4E2E-9240-382A04DBD520}.Release|x64.Build.0 = Release|x64
		{FE508996-0B52-4C82-B138-5047282028DC}.Debug|Any CPU.ActiveCfg = Debug|Any CPU
		{FE508996-0B52-4C82-B138-5047282028DC}.Debug|Any CPU.Build.0 = Debug|Any CPU
		{FE508996-0B52-4C82-B138-5047282028DC}.Debug|ARM32.ActiveCfg = Debug|ARM32
		{FE508996-0B52-4C82-B138-5047282028DC}.Debug|ARM32.Build.0 = Debug|ARM32
		{FE508996-0B52-4C82-B138-5047282028DC}.Debug|x64.ActiveCfg = Debug|x64
		{FE508996-0B52-4C82-B138-5047282028DC}.Debug|x64.Build.0 = Debug|x64
		{FE508996-0B52-4C82-B138-5047282028DC}.Release|Any CPU.ActiveCfg = Release|Any CPU
		{FE508996-0B52-4C82-B138-5047282028DC}.Release|Any CPU.Build.0 = Release|Any CPU
		{FE508996-0B52-4C82-B138-5047282028DC}.Release|ARM32.ActiveCfg = Release|ARM32
		{FE508996-0B52-4C82-B138-5047282028DC}.Release|ARM32.Build.0 = Release|ARM32
		{FE508996-0B52-4C82-B138-5047282028DC}.Release|x64.ActiveCfg = Release|x64
		{FE508996-0B52-4C82-B138-5047282028DC}.Release|x64.Build.0 = Release|x64
		{A0FACFDD-3B13-4B07-B33F-E6C451C08E1F}.Debug|Any CPU.ActiveCfg = Debug|Any CPU
		{A0FACFDD-3B13-4B07-B33F-E6C451C08E1F}.Debug|Any CPU.Build.0 = Debug|Any CPU
		{A0FACFDD-3B13-4B07-B33F-E6C451C08E1F}.Debug|ARM32.ActiveCfg = Debug|Any CPU
		{A0FACFDD-3B13-4B07-B33F-E6C451C08E1F}.Debug|ARM32.Build.0 = Debug|Any CPU
		{A0FACFDD-3B13-4B07-B33F-E6C451C08E1F}.Debug|x64.ActiveCfg = Debug|Any CPU
		{A0FACFDD-3B13-4B07-B33F-E6C451C08E1F}.Debug|x64.Build.0 = Debug|Any CPU
		{A0FACFDD-3B13-4B07-B33F-E6C451C08E1F}.Release|Any CPU.ActiveCfg = Release|Any CPU
		{A0FACFDD-3B13-4B07-B33F-E6C451C08E1F}.Release|Any CPU.Build.0 = Release|Any CPU
		{A0FACFDD-3B13-4B07-B33F-E6C451C08E1F}.Release|ARM32.ActiveCfg = Release|Any CPU
		{A0FACFDD-3B13-4B07-B33F-E6C451C08E1F}.Release|ARM32.Build.0 = Release|Any CPU
		{A0FACFDD-3B13-4B07-B33F-E6C451C08E1F}.Release|x64.ActiveCfg = Release|Any CPU
		{A0FACFDD-3B13-4B07-B33F-E6C451C08E1F}.Release|x64.Build.0 = Release|Any CPU
		{EAE2AA09-A79A-43CC-815A-43ED218B6F67}.Debug|Any CPU.ActiveCfg = Debug|Any CPU
		{EAE2AA09-A79A-43CC-815A-43ED218B6F67}.Debug|Any CPU.Build.0 = Debug|Any CPU
		{EAE2AA09-A79A-43CC-815A-43ED218B6F67}.Debug|ARM32.ActiveCfg = Debug|Any CPU
		{EAE2AA09-A79A-43CC-815A-43ED218B6F67}.Debug|ARM32.Build.0 = Debug|Any CPU
		{EAE2AA09-A79A-43CC-815A-43ED218B6F67}.Debug|x64.ActiveCfg = Debug|Any CPU
		{EAE2AA09-A79A-43CC-815A-43ED218B6F67}.Debug|x64.Build.0 = Debug|Any CPU
		{EAE2AA09-A79A-43CC-815A-43ED218B6F67}.Release|Any CPU.ActiveCfg = Release|Any CPU
		{EAE2AA09-A79A-43CC-815A-43ED218B6F67}.Release|Any CPU.Build.0 = Release|Any CPU
		{EAE2AA09-A79A-43CC-815A-43ED218B6F67}.Release|ARM32.ActiveCfg = Release|Any CPU
		{EAE2AA09-A79A-43CC-815A-43ED218B6F67}.Release|ARM32.Build.0 = Release|Any CPU
		{EAE2AA09-A79A-43CC-815A-43ED218B6F67}.Release|x64.ActiveCfg = Release|Any CPU
		{EAE2AA09-A79A-43CC-815A-43ED218B6F67}.Release|x64.Build.0 = Release|Any CPU
		{E9F08773-F2DC-4BB9-B16D-792192DAF849}.Debug|Any CPU.ActiveCfg = Debug|Any CPU
		{E9F08773-F2DC-4BB9-B16D-792192DAF849}.Debug|Any CPU.Build.0 = Debug|Any CPU
		{E9F08773-F2DC-4BB9-B16D-792192DAF849}.Debug|ARM32.ActiveCfg = Debug|Any CPU
		{E9F08773-F2DC-4BB9-B16D-792192DAF849}.Debug|ARM32.Build.0 = Debug|Any CPU
		{E9F08773-F2DC-4BB9-B16D-792192DAF849}.Debug|x64.ActiveCfg = Debug|Any CPU
		{E9F08773-F2DC-4BB9-B16D-792192DAF849}.Debug|x64.Build.0 = Debug|Any CPU
		{E9F08773-F2DC-4BB9-B16D-792192DAF849}.Release|Any CPU.ActiveCfg = Release|Any CPU
		{E9F08773-F2DC-4BB9-B16D-792192DAF849}.Release|Any CPU.Build.0 = Release|Any CPU
		{E9F08773-F2DC-4BB9-B16D-792192DAF849}.Release|ARM32.ActiveCfg = Release|Any CPU
		{E9F08773-F2DC-4BB9-B16D-792192DAF849}.Release|ARM32.Build.0 = Release|Any CPU
		{E9F08773-F2DC-4BB9-B16D-792192DAF849}.Release|x64.ActiveCfg = Release|Any CPU
		{E9F08773-F2DC-4BB9-B16D-792192DAF849}.Release|x64.Build.0 = Release|Any CPU
		{5A1F5BAD-20FC-4921-8EFC-EA32D79DFB14}.Debug|Any CPU.ActiveCfg = Debug|Any CPU
		{5A1F5BAD-20FC-4921-8EFC-EA32D79DFB14}.Debug|Any CPU.Build.0 = Debug|Any CPU
		{5A1F5BAD-20FC-4921-8EFC-EA32D79DFB14}.Debug|ARM32.ActiveCfg = Debug|Any CPU
		{5A1F5BAD-20FC-4921-8EFC-EA32D79DFB14}.Debug|ARM32.Build.0 = Debug|Any CPU
		{5A1F5BAD-20FC-4921-8EFC-EA32D79DFB14}.Debug|x64.ActiveCfg = Debug|Any CPU
		{5A1F5BAD-20FC-4921-8EFC-EA32D79DFB14}.Debug|x64.Build.0 = Debug|Any CPU
		{5A1F5BAD-20FC-4921-8EFC-EA32D79DFB14}.Release|Any CPU.ActiveCfg = Release|Any CPU
		{5A1F5BAD-20FC-4921-8EFC-EA32D79DFB14}.Release|Any CPU.Build.0 = Release|Any CPU
		{5A1F5BAD-20FC-4921-8EFC-EA32D79DFB14}.Release|ARM32.ActiveCfg = Release|Any CPU
		{5A1F5BAD-20FC-4921-8EFC-EA32D79DFB14}.Release|ARM32.Build.0 = Release|Any CPU
		{5A1F5BAD-20FC-4921-8EFC-EA32D79DFB14}.Release|x64.ActiveCfg = Release|Any CPU
		{5A1F5BAD-20FC-4921-8EFC-EA32D79DFB14}.Release|x64.Build.0 = Release|Any CPU
		{8B80D14E-1FB7-4109-96D7-99A4EC13F4CC}.Debug|Any CPU.ActiveCfg = Debug|Any CPU
		{8B80D14E-1FB7-4109-96D7-99A4EC13F4CC}.Debug|Any CPU.Build.0 = Debug|Any CPU
		{8B80D14E-1FB7-4109-96D7-99A4EC13F4CC}.Debug|ARM32.ActiveCfg = Debug|Any CPU
		{8B80D14E-1FB7-4109-96D7-99A4EC13F4CC}.Debug|ARM32.Build.0 = Debug|Any CPU
		{8B80D14E-1FB7-4109-96D7-99A4EC13F4CC}.Debug|x64.ActiveCfg = Debug|Any CPU
		{8B80D14E-1FB7-4109-96D7-99A4EC13F4CC}.Debug|x64.Build.0 = Debug|Any CPU
		{8B80D14E-1FB7-4109-96D7-99A4EC13F4CC}.Release|Any CPU.ActiveCfg = Release|Any CPU
		{8B80D14E-1FB7-4109-96D7-99A4EC13F4CC}.Release|Any CPU.Build.0 = Release|Any CPU
		{8B80D14E-1FB7-4109-96D7-99A4EC13F4CC}.Release|ARM32.ActiveCfg = Release|Any CPU
		{8B80D14E-1FB7-4109-96D7-99A4EC13F4CC}.Release|ARM32.Build.0 = Release|Any CPU
		{8B80D14E-1FB7-4109-96D7-99A4EC13F4CC}.Release|x64.ActiveCfg = Release|Any CPU
		{8B80D14E-1FB7-4109-96D7-99A4EC13F4CC}.Release|x64.Build.0 = Release|Any CPU
		{32304F53-66D0-48CB-8372-96AA1B0BCC72}.Debug|Any CPU.ActiveCfg = Debug|Any CPU
		{32304F53-66D0-48CB-8372-96AA1B0BCC72}.Debug|Any CPU.Build.0 = Debug|Any CPU
		{32304F53-66D0-48CB-8372-96AA1B0BCC72}.Debug|ARM32.ActiveCfg = Debug|Any CPU
		{32304F53-66D0-48CB-8372-96AA1B0BCC72}.Debug|ARM32.Build.0 = Debug|Any CPU
		{32304F53-66D0-48CB-8372-96AA1B0BCC72}.Debug|x64.ActiveCfg = Debug|Any CPU
		{32304F53-66D0-48CB-8372-96AA1B0BCC72}.Debug|x64.Build.0 = Debug|Any CPU
		{32304F53-66D0-48CB-8372-96AA1B0BCC72}.Release|Any CPU.ActiveCfg = Release|Any CPU
		{32304F53-66D0-48CB-8372-96AA1B0BCC72}.Release|Any CPU.Build.0 = Release|Any CPU
		{32304F53-66D0-48CB-8372-96AA1B0BCC72}.Release|ARM32.ActiveCfg = Release|Any CPU
		{32304F53-66D0-48CB-8372-96AA1B0BCC72}.Release|ARM32.Build.0 = Release|Any CPU
		{32304F53-66D0-48CB-8372-96AA1B0BCC72}.Release|x64.ActiveCfg = Release|Any CPU
		{32304F53-66D0-48CB-8372-96AA1B0BCC72}.Release|x64.Build.0 = Release|Any CPU
		{6141A7D3-7591-4A3A-B040-34F25CE98817}.Debug|Any CPU.ActiveCfg = Debug|Any CPU
		{6141A7D3-7591-4A3A-B040-34F25CE98817}.Debug|Any CPU.Build.0 = Debug|Any CPU
		{6141A7D3-7591-4A3A-B040-34F25CE98817}.Debug|ARM32.ActiveCfg = Debug|Any CPU
		{6141A7D3-7591-4A3A-B040-34F25CE98817}.Debug|ARM32.Build.0 = Debug|Any CPU
		{6141A7D3-7591-4A3A-B040-34F25CE98817}.Debug|x64.ActiveCfg = Debug|Any CPU
		{6141A7D3-7591-4A3A-B040-34F25CE98817}.Debug|x64.Build.0 = Debug|Any CPU
		{6141A7D3-7591-4A3A-B040-34F25CE98817}.Release|Any CPU.ActiveCfg = Release|Any CPU
		{6141A7D3-7591-4A3A-B040-34F25CE98817}.Release|Any CPU.Build.0 = Release|Any CPU
		{6141A7D3-7591-4A3A-B040-34F25CE98817}.Release|ARM32.ActiveCfg = Release|Any CPU
		{6141A7D3-7591-4A3A-B040-34F25CE98817}.Release|ARM32.Build.0 = Release|Any CPU
		{6141A7D3-7591-4A3A-B040-34F25CE98817}.Release|x64.ActiveCfg = Release|Any CPU
		{6141A7D3-7591-4A3A-B040-34F25CE98817}.Release|x64.Build.0 = Release|Any CPU
		{BFD27E5A-1CC5-46AC-A41A-FA37EC65493C}.Debug|Any CPU.ActiveCfg = Debug|Any CPU
		{BFD27E5A-1CC5-46AC-A41A-FA37EC65493C}.Debug|Any CPU.Build.0 = Debug|Any CPU
		{BFD27E5A-1CC5-46AC-A41A-FA37EC65493C}.Debug|ARM32.ActiveCfg = Debug|Any CPU
		{BFD27E5A-1CC5-46AC-A41A-FA37EC65493C}.Debug|ARM32.Build.0 = Debug|Any CPU
		{BFD27E5A-1CC5-46AC-A41A-FA37EC65493C}.Debug|x64.ActiveCfg = Debug|Any CPU
		{BFD27E5A-1CC5-46AC-A41A-FA37EC65493C}.Debug|x64.Build.0 = Debug|Any CPU
		{BFD27E5A-1CC5-46AC-A41A-FA37EC65493C}.Release|Any CPU.ActiveCfg = Release|Any CPU
		{BFD27E5A-1CC5-46AC-A41A-FA37EC65493C}.Release|Any CPU.Build.0 = Release|Any CPU
		{BFD27E5A-1CC5-46AC-A41A-FA37EC65493C}.Release|ARM32.ActiveCfg = Release|Any CPU
		{BFD27E5A-1CC5-46AC-A41A-FA37EC65493C}.Release|ARM32.Build.0 = Release|Any CPU
		{BFD27E5A-1CC5-46AC-A41A-FA37EC65493C}.Release|x64.ActiveCfg = Release|Any CPU
		{BFD27E5A-1CC5-46AC-A41A-FA37EC65493C}.Release|x64.Build.0 = Release|Any CPU
		{1CF9BD8D-6BBE-4D0E-AA0D-2B8D7CC1C1CF}.Debug|Any CPU.ActiveCfg = Debug|Any CPU
		{1CF9BD8D-6BBE-4D0E-AA0D-2B8D7CC1C1CF}.Debug|Any CPU.Build.0 = Debug|Any CPU
		{1CF9BD8D-6BBE-4D0E-AA0D-2B8D7CC1C1CF}.Debug|ARM32.ActiveCfg = Debug|Any CPU
		{1CF9BD8D-6BBE-4D0E-AA0D-2B8D7CC1C1CF}.Debug|ARM32.Build.0 = Debug|Any CPU
		{1CF9BD8D-6BBE-4D0E-AA0D-2B8D7CC1C1CF}.Debug|x64.ActiveCfg = Debug|Any CPU
		{1CF9BD8D-6BBE-4D0E-AA0D-2B8D7CC1C1CF}.Debug|x64.Build.0 = Debug|Any CPU
		{1CF9BD8D-6BBE-4D0E-AA0D-2B8D7CC1C1CF}.Release|Any CPU.ActiveCfg = Release|Any CPU
		{1CF9BD8D-6BBE-4D0E-AA0D-2B8D7CC1C1CF}.Release|Any CPU.Build.0 = Release|Any CPU
		{1CF9BD8D-6BBE-4D0E-AA0D-2B8D7CC1C1CF}.Release|ARM32.ActiveCfg = Release|Any CPU
		{1CF9BD8D-6BBE-4D0E-AA0D-2B8D7CC1C1CF}.Release|ARM32.Build.0 = Release|Any CPU
		{1CF9BD8D-6BBE-4D0E-AA0D-2B8D7CC1C1CF}.Release|x64.ActiveCfg = Release|Any CPU
		{1CF9BD8D-6BBE-4D0E-AA0D-2B8D7CC1C1CF}.Release|x64.Build.0 = Release|Any CPU
		{0729FAEE-33CB-4E04-8DC5-119110D9D7D1}.Debug|Any CPU.ActiveCfg = Debug|Any CPU
		{0729FAEE-33CB-4E04-8DC5-119110D9D7D1}.Debug|Any CPU.Build.0 = Debug|Any CPU
		{0729FAEE-33CB-4E04-8DC5-119110D9D7D1}.Debug|ARM32.ActiveCfg = Debug|Any CPU
		{0729FAEE-33CB-4E04-8DC5-119110D9D7D1}.Debug|ARM32.Build.0 = Debug|Any CPU
		{0729FAEE-33CB-4E04-8DC5-119110D9D7D1}.Debug|x64.ActiveCfg = Debug|Any CPU
		{0729FAEE-33CB-4E04-8DC5-119110D9D7D1}.Debug|x64.Build.0 = Debug|Any CPU
		{0729FAEE-33CB-4E04-8DC5-119110D9D7D1}.Release|Any CPU.ActiveCfg = Release|Any CPU
		{0729FAEE-33CB-4E04-8DC5-119110D9D7D1}.Release|Any CPU.Build.0 = Release|Any CPU
		{0729FAEE-33CB-4E04-8DC5-119110D9D7D1}.Release|ARM32.ActiveCfg = Release|Any CPU
		{0729FAEE-33CB-4E04-8DC5-119110D9D7D1}.Release|ARM32.Build.0 = Release|Any CPU
		{0729FAEE-33CB-4E04-8DC5-119110D9D7D1}.Release|x64.ActiveCfg = Release|Any CPU
		{0729FAEE-33CB-4E04-8DC5-119110D9D7D1}.Release|x64.Build.0 = Release|Any CPU
		{30C940D4-E34E-48B4-88C5-252D1133F345}.Debug|Any CPU.ActiveCfg = Debug|Any CPU
		{30C940D4-E34E-48B4-88C5-252D1133F345}.Debug|Any CPU.Build.0 = Debug|Any CPU
		{30C940D4-E34E-48B4-88C5-252D1133F345}.Debug|ARM32.ActiveCfg = Debug|Any CPU
		{30C940D4-E34E-48B4-88C5-252D1133F345}.Debug|ARM32.Build.0 = Debug|Any CPU
		{30C940D4-E34E-48B4-88C5-252D1133F345}.Debug|x64.ActiveCfg = Debug|Any CPU
		{30C940D4-E34E-48B4-88C5-252D1133F345}.Debug|x64.Build.0 = Debug|Any CPU
		{30C940D4-E34E-48B4-88C5-252D1133F345}.Release|Any CPU.ActiveCfg = Release|Any CPU
		{30C940D4-E34E-48B4-88C5-252D1133F345}.Release|Any CPU.Build.0 = Release|Any CPU
		{30C940D4-E34E-48B4-88C5-252D1133F345}.Release|ARM32.ActiveCfg = Release|Any CPU
		{30C940D4-E34E-48B4-88C5-252D1133F345}.Release|ARM32.Build.0 = Release|Any CPU
		{30C940D4-E34E-48B4-88C5-252D1133F345}.Release|x64.ActiveCfg = Release|Any CPU
		{30C940D4-E34E-48B4-88C5-252D1133F345}.Release|x64.Build.0 = Release|Any CPU
		{4253FBE8-05AB-4373-BADC-C5BE208745EB}.Debug|Any CPU.ActiveCfg = Debug|Any CPU
		{4253FBE8-05AB-4373-BADC-C5BE208745EB}.Debug|Any CPU.Build.0 = Debug|Any CPU
		{4253FBE8-05AB-4373-BADC-C5BE208745EB}.Debug|ARM32.ActiveCfg = Debug|Any CPU
		{4253FBE8-05AB-4373-BADC-C5BE208745EB}.Debug|ARM32.Build.0 = Debug|Any CPU
		{4253FBE8-05AB-4373-BADC-C5BE208745EB}.Debug|x64.ActiveCfg = Debug|Any CPU
		{4253FBE8-05AB-4373-BADC-C5BE208745EB}.Debug|x64.Build.0 = Debug|Any CPU
		{4253FBE8-05AB-4373-BADC-C5BE208745EB}.Release|Any CPU.ActiveCfg = Release|Any CPU
		{4253FBE8-05AB-4373-BADC-C5BE208745EB}.Release|Any CPU.Build.0 = Release|Any CPU
		{4253FBE8-05AB-4373-BADC-C5BE208745EB}.Release|ARM32.ActiveCfg = Release|Any CPU
		{4253FBE8-05AB-4373-BADC-C5BE208745EB}.Release|ARM32.Build.0 = Release|Any CPU
		{4253FBE8-05AB-4373-BADC-C5BE208745EB}.Release|x64.ActiveCfg = Release|Any CPU
		{4253FBE8-05AB-4373-BADC-C5BE208745EB}.Release|x64.Build.0 = Release|Any CPU
		{7A35C2CD-37DB-43A3-8F85-92A30C2A753E}.Debug|Any CPU.ActiveCfg = Debug|Any CPU
		{7A35C2CD-37DB-43A3-8F85-92A30C2A753E}.Debug|Any CPU.Build.0 = Debug|Any CPU
		{7A35C2CD-37DB-43A3-8F85-92A30C2A753E}.Debug|ARM32.ActiveCfg = Debug|Any CPU
		{7A35C2CD-37DB-43A3-8F85-92A30C2A753E}.Debug|ARM32.Build.0 = Debug|Any CPU
		{7A35C2CD-37DB-43A3-8F85-92A30C2A753E}.Debug|x64.ActiveCfg = Debug|Any CPU
		{7A35C2CD-37DB-43A3-8F85-92A30C2A753E}.Debug|x64.Build.0 = Debug|Any CPU
		{7A35C2CD-37DB-43A3-8F85-92A30C2A753E}.Release|Any CPU.ActiveCfg = Release|Any CPU
		{7A35C2CD-37DB-43A3-8F85-92A30C2A753E}.Release|Any CPU.Build.0 = Release|Any CPU
		{7A35C2CD-37DB-43A3-8F85-92A30C2A753E}.Release|ARM32.ActiveCfg = Release|Any CPU
		{7A35C2CD-37DB-43A3-8F85-92A30C2A753E}.Release|ARM32.Build.0 = Release|Any CPU
		{7A35C2CD-37DB-43A3-8F85-92A30C2A753E}.Release|x64.ActiveCfg = Release|Any CPU
		{7A35C2CD-37DB-43A3-8F85-92A30C2A753E}.Release|x64.Build.0 = Release|Any CPU
		{B9B2456E-99CE-4243-822E-1ED4B97C215E}.Debug|Any CPU.ActiveCfg = Debug|Any CPU
		{B9B2456E-99CE-4243-822E-1ED4B97C215E}.Debug|Any CPU.Build.0 = Debug|Any CPU
		{B9B2456E-99CE-4243-822E-1ED4B97C215E}.Debug|ARM32.ActiveCfg = Debug|Any CPU
		{B9B2456E-99CE-4243-822E-1ED4B97C215E}.Debug|ARM32.Build.0 = Debug|Any CPU
		{B9B2456E-99CE-4243-822E-1ED4B97C215E}.Debug|x64.ActiveCfg = Debug|Any CPU
		{B9B2456E-99CE-4243-822E-1ED4B97C215E}.Debug|x64.Build.0 = Debug|Any CPU
		{B9B2456E-99CE-4243-822E-1ED4B97C215E}.Release|Any CPU.ActiveCfg = Release|Any CPU
		{B9B2456E-99CE-4243-822E-1ED4B97C215E}.Release|Any CPU.Build.0 = Release|Any CPU
		{B9B2456E-99CE-4243-822E-1ED4B97C215E}.Release|ARM32.ActiveCfg = Release|Any CPU
		{B9B2456E-99CE-4243-822E-1ED4B97C215E}.Release|ARM32.Build.0 = Release|Any CPU
		{B9B2456E-99CE-4243-822E-1ED4B97C215E}.Release|x64.ActiveCfg = Release|Any CPU
		{B9B2456E-99CE-4243-822E-1ED4B97C215E}.Release|x64.Build.0 = Release|Any CPU
		{FBD5E3C3-67AD-4152-94C9-CC1622385A2E}.Debug|Any CPU.ActiveCfg = Debug|Any CPU
		{FBD5E3C3-67AD-4152-94C9-CC1622385A2E}.Debug|Any CPU.Build.0 = Debug|Any CPU
		{FBD5E3C3-67AD-4152-94C9-CC1622385A2E}.Debug|ARM32.ActiveCfg = Debug|Any CPU
		{FBD5E3C3-67AD-4152-94C9-CC1622385A2E}.Debug|ARM32.Build.0 = Debug|Any CPU
		{FBD5E3C3-67AD-4152-94C9-CC1622385A2E}.Debug|x64.ActiveCfg = Debug|Any CPU
		{FBD5E3C3-67AD-4152-94C9-CC1622385A2E}.Debug|x64.Build.0 = Debug|Any CPU
		{FBD5E3C3-67AD-4152-94C9-CC1622385A2E}.Release|Any CPU.ActiveCfg = Release|Any CPU
		{FBD5E3C3-67AD-4152-94C9-CC1622385A2E}.Release|Any CPU.Build.0 = Release|Any CPU
		{FBD5E3C3-67AD-4152-94C9-CC1622385A2E}.Release|ARM32.ActiveCfg = Release|Any CPU
		{FBD5E3C3-67AD-4152-94C9-CC1622385A2E}.Release|ARM32.Build.0 = Release|Any CPU
		{FBD5E3C3-67AD-4152-94C9-CC1622385A2E}.Release|x64.ActiveCfg = Release|Any CPU
		{FBD5E3C3-67AD-4152-94C9-CC1622385A2E}.Release|x64.Build.0 = Release|Any CPU
		{698CE912-FC5F-4FDF-9DB0-95C57B7D8C32}.Debug|Any CPU.ActiveCfg = Debug|Any CPU
		{698CE912-FC5F-4FDF-9DB0-95C57B7D8C32}.Debug|Any CPU.Build.0 = Debug|Any CPU
		{698CE912-FC5F-4FDF-9DB0-95C57B7D8C32}.Debug|ARM32.ActiveCfg = Debug|Any CPU
		{698CE912-FC5F-4FDF-9DB0-95C57B7D8C32}.Debug|ARM32.Build.0 = Debug|Any CPU
		{698CE912-FC5F-4FDF-9DB0-95C57B7D8C32}.Debug|x64.ActiveCfg = Debug|Any CPU
		{698CE912-FC5F-4FDF-9DB0-95C57B7D8C32}.Debug|x64.Build.0 = Debug|Any CPU
		{698CE912-FC5F-4FDF-9DB0-95C57B7D8C32}.Release|Any CPU.ActiveCfg = Release|Any CPU
		{698CE912-FC5F-4FDF-9DB0-95C57B7D8C32}.Release|Any CPU.Build.0 = Release|Any CPU
		{698CE912-FC5F-4FDF-9DB0-95C57B7D8C32}.Release|ARM32.ActiveCfg = Release|Any CPU
		{698CE912-FC5F-4FDF-9DB0-95C57B7D8C32}.Release|ARM32.Build.0 = Release|Any CPU
		{698CE912-FC5F-4FDF-9DB0-95C57B7D8C32}.Release|x64.ActiveCfg = Release|Any CPU
		{698CE912-FC5F-4FDF-9DB0-95C57B7D8C32}.Release|x64.Build.0 = Release|Any CPU
		{FE246B97-423E-4464-8EED-767C02065D38}.Debug|Any CPU.ActiveCfg = Debug|Any CPU
		{FE246B97-423E-4464-8EED-767C02065D38}.Debug|Any CPU.Build.0 = Debug|Any CPU
		{FE246B97-423E-4464-8EED-767C02065D38}.Debug|ARM32.ActiveCfg = Debug|Any CPU
		{FE246B97-423E-4464-8EED-767C02065D38}.Debug|ARM32.Build.0 = Debug|Any CPU
		{FE246B97-423E-4464-8EED-767C02065D38}.Debug|x64.ActiveCfg = Debug|Any CPU
		{FE246B97-423E-4464-8EED-767C02065D38}.Debug|x64.Build.0 = Debug|Any CPU
		{FE246B97-423E-4464-8EED-767C02065D38}.Release|Any CPU.ActiveCfg = Release|Any CPU
		{FE246B97-423E-4464-8EED-767C02065D38}.Release|Any CPU.Build.0 = Release|Any CPU
		{FE246B97-423E-4464-8EED-767C02065D38}.Release|ARM32.ActiveCfg = Release|Any CPU
		{FE246B97-423E-4464-8EED-767C02065D38}.Release|ARM32.Build.0 = Release|Any CPU
		{FE246B97-423E-4464-8EED-767C02065D38}.Release|x64.ActiveCfg = Release|Any CPU
		{FE246B97-423E-4464-8EED-767C02065D38}.Release|x64.Build.0 = Release|Any CPU
		{18B2A829-AC05-44AF-AF79-50BF175CC69E}.Debug|Any CPU.ActiveCfg = Debug|Any CPU
		{18B2A829-AC05-44AF-AF79-50BF175CC69E}.Debug|Any CPU.Build.0 = Debug|Any CPU
		{18B2A829-AC05-44AF-AF79-50BF175CC69E}.Debug|ARM32.ActiveCfg = Debug|Any CPU
		{18B2A829-AC05-44AF-AF79-50BF175CC69E}.Debug|ARM32.Build.0 = Debug|Any CPU
		{18B2A829-AC05-44AF-AF79-50BF175CC69E}.Debug|x64.ActiveCfg = Debug|Any CPU
		{18B2A829-AC05-44AF-AF79-50BF175CC69E}.Debug|x64.Build.0 = Debug|Any CPU
		{18B2A829-AC05-44AF-AF79-50BF175CC69E}.Release|Any CPU.ActiveCfg = Release|Any CPU
		{18B2A829-AC05-44AF-AF79-50BF175CC69E}.Release|Any CPU.Build.0 = Release|Any CPU
		{18B2A829-AC05-44AF-AF79-50BF175CC69E}.Release|ARM32.ActiveCfg = Release|Any CPU
		{18B2A829-AC05-44AF-AF79-50BF175CC69E}.Release|ARM32.Build.0 = Release|Any CPU
		{18B2A829-AC05-44AF-AF79-50BF175CC69E}.Release|x64.ActiveCfg = Release|Any CPU
		{18B2A829-AC05-44AF-AF79-50BF175CC69E}.Release|x64.Build.0 = Release|Any CPU
	EndGlobalSection
	GlobalSection(SolutionProperties) = preSolution
		HideSolutionNode = FALSE
	EndGlobalSection
	GlobalSection(NestedProjects) = preSolution
		{B5A0AD78-9D3F-495F-AD7C-6FDDC3445640} = {F34E1D6F-916B-4E36-9229-66FC9A6C5386}
		{44A1B4A2-9563-4E2E-9240-382A04DBD520} = {232B953A-1C1F-4A56-89BE-972CEDC81C7D}
		{FE508996-0B52-4C82-B138-5047282028DC} = {232B953A-1C1F-4A56-89BE-972CEDC81C7D}
		{97445F85-9A86-416B-9A6A-123AF72EFEDC} = {F3454913-5DFB-4870-BD9F-5D6BA2DE0548}
		{A0FACFDD-3B13-4B07-B33F-E6C451C08E1F} = {F3454913-5DFB-4870-BD9F-5D6BA2DE0548}
		{EAE2AA09-A79A-43CC-815A-43ED218B6F67} = {F3454913-5DFB-4870-BD9F-5D6BA2DE0548}
		{D95079AE-C20A-4528-B283-2F49616E2E49} = {F3454913-5DFB-4870-BD9F-5D6BA2DE0548}
		{E9F08773-F2DC-4BB9-B16D-792192DAF849} = {D95079AE-C20A-4528-B283-2F49616E2E49}
		{5A1F5BAD-20FC-4921-8EFC-EA32D79DFB14} = {F3454913-5DFB-4870-BD9F-5D6BA2DE0548}
		{8B80D14E-1FB7-4109-96D7-99A4EC13F4CC} = {232B953A-1C1F-4A56-89BE-972CEDC81C7D}
		{32304F53-66D0-48CB-8372-96AA1B0BCC72} = {232B953A-1C1F-4A56-89BE-972CEDC81C7D}
		{6141A7D3-7591-4A3A-B040-34F25CE98817} = {F34E1D6F-916B-4E36-9229-66FC9A6C5386}
		{BFD27E5A-1CC5-46AC-A41A-FA37EC65493C} = {F34E1D6F-916B-4E36-9229-66FC9A6C5386}
		{1CF9BD8D-6BBE-4D0E-AA0D-2B8D7CC1C1CF} = {F34E1D6F-916B-4E36-9229-66FC9A6C5386}
		{0729FAEE-33CB-4E04-8DC5-119110D9D7D1} = {D95079AE-C20A-4528-B283-2F49616E2E49}
		{30C940D4-E34E-48B4-88C5-252D1133F345} = {F3454913-5DFB-4870-BD9F-5D6BA2DE0548}
		{4253FBE8-05AB-4373-BADC-C5BE208745EB} = {E85E0AB9-A2F9-4C60-91B1-EEAB6AD02BAD}
		{7A35C2CD-37DB-43A3-8F85-92A30C2A753E} = {97445F85-9A86-416B-9A6A-123AF72EFEDC}
		{B9B2456E-99CE-4243-822E-1ED4B97C215E} = {97445F85-9A86-416B-9A6A-123AF72EFEDC}
		{FBD5E3C3-67AD-4152-94C9-CC1622385A2E} = {97445F85-9A86-416B-9A6A-123AF72EFEDC}
		{698CE912-FC5F-4FDF-9DB0-95C57B7D8C32} = {97445F85-9A86-416B-9A6A-123AF72EFEDC}
		{FE246B97-423E-4464-8EED-767C02065D38} = {97445F85-9A86-416B-9A6A-123AF72EFEDC}
		{18B2A829-AC05-44AF-AF79-50BF175CC69E} = {97445F85-9A86-416B-9A6A-123AF72EFEDC}
	EndGlobalSection
	GlobalSection(ExtensibilityGlobals) = postSolution
		SolutionGuid = {495591A1-0898-4040-9E1F-9764C299A3B7}
	EndGlobalSection
EndGlobal
